
Microsoft Visual Studio Solution File, Format Version 12.00
# Visual Studio Version 17
VisualStudioVersion = 17.2.32505.173
MinimumVisualStudioVersion = 10.0.40219.1
Project("{2150E333-8FDC-42A3-9474-1A3956D46DE8}") = "Solution Items", "Solution Items", "{1B8652DF-E59B-4F0E-8784-C6EC3C437693}"
	ProjectSection(SolutionItems) = preProject
		..\KeepPass.cpp = ..\KeepPass.cpp
	EndProjectSection
EndProject
Project("{8BC9CEB8-8B4A-11D0-8D11-00A0C91BC942}") = "KeepPass", "KeepPass\KeepPass.vcxproj", "{097F2E97-C7AA-4896-B96C-391693EB8A12}"
EndProject
Global
	GlobalSection(SolutionConfigurationPlatforms) = preSolution
		Debug|x64 = Debug|x64
		Debug|x86 = Debug|x86
		Release|x64 = Release|x64
		Release|x86 = Release|x86
	EndGlobalSection
	GlobalSection(ProjectConfigurationPlatforms) = postSolution
		{097F2E97-C7AA-4896-B96C-391693EB8A12}.Debug|x64.ActiveCfg = Debug|x64
		{097F2E97-C7AA-4896-B96C-391693EB8A12}.Debug|x64.Build.0 = Debug|x64
		{097F2E97-C7AA-4896-B96C-391693EB8A12}.Debug|x86.ActiveCfg = Debug|Win32
		{097F2E97-C7AA-4896-B96C-391693EB8A12}.Debug|x86.Build.0 = Debug|Win32
		{097F2E97-C7AA-4896-B96C-391693EB8A12}.Release|x64.ActiveCfg = Release|x64
		{097F2E97-C7AA-4896-B96C-391693EB8A12}.Release|x64.Build.0 = Release|x64
		{097F2E97-C7AA-4896-B96C-391693EB8A12}.Release|x86.ActiveCfg = Release|Win32
		{097F2E97-C7AA-4896-B96C-391693EB8A12}.Release|x86.Build.0 = Release|Win32
	EndGlobalSection
	GlobalSection(SolutionProperties) = preSolution
		HideSolutionNode = FALSE
	EndGlobalSection
	GlobalSection(ExtensibilityGlobals) = postSolution
		SolutionGuid = {CDE5391A-8651-48D3-B4C6-A73617CFD2B0}
	EndGlobalSection
EndGlobal
